
Microsoft Visual Studio Solution File, Format Version 12.00
# Visual Studio 2013
VisualStudioVersion = 12.0.30723.0
MinimumVisualStudioVersion = 10.0.40219.1
Project("{FAE04EC0-301F-11D3-BF4B-00C04F79EFBC}") = "NShape", "Core\NShape.csproj", "{9EFE1059-E2DC-4576-B9E3-4AE3F998CB28}"
EndProject
Project("{FAE04EC0-301F-11D3-BF4B-00C04F79EFBC}") = "GeneralShapes", "GeneralShapes\GeneralShapes.csproj", "{1272F77E-D926-4310-AE8B-858909B10F0C}"
EndProject
Project("{FAE04EC0-301F-11D3-BF4B-00C04F79EFBC}") = "WinFormsUI", "WinFormsUI\WinFormsUI.csproj", "{5EAB131C-1C93-4C3F-A1D8-D711053DE33C}"
EndProject
Project("{FAE04EC0-301F-11D3-BF4B-00C04F79EFBC}") = "Designer", "Designer\Designer.csproj", "{D310A704-CE98-4632-A3B1-1D2305792BB7}"
EndProject
Project("{FAE04EC0-301F-11D3-BF4B-00C04F79EFBC}") = "ElectricalModelObjects", "ElectricalModelObjects\ElectricalModelObjects.csproj", "{98D7199F-0A57-429A-94B0-C7585A924302}"
EndProject
Project("{FAE04EC0-301F-11D3-BF4B-00C04F79EFBC}") = "ElectricalShapes", "ElectricalShapes\ElectricalShapes.csproj", "{D8A7182E-BE69-4B4D-B20D-851FE1800C3C}"
EndProject
Project("{FAE04EC0-301F-11D3-BF4B-00C04F79EFBC}") = "FlowChartShapes", "FlowChartShapes\FlowChartShapes.csproj", "{DB90D9B2-D4F8-4D09-92C5-A7C1AC57FA4E}"
EndProject
Project("{FAE04EC0-301F-11D3-BF4B-00C04F79EFBC}") = "GeneralModelObjects", "GeneralModelObjects\GeneralModelObjects.csproj", "{5FDD54E9-BE12-4C3D-8051-0F90A4EA27D4}"
EndProject
Project("{FAE04EC0-301F-11D3-BF4B-00C04F79EFBC}") = "SoftwareArchitectureShapes", "SoftwareArchitectureShapes\SoftwareArchitectureShapes.csproj", "{FFC46D3E-DA4E-4214-84C9-53A49C75BA77}"
EndProject
Project("{FAE04EC0-301F-11D3-BF4B-00C04F79EFBC}") = "NShapeTest", "Test\NShapeTest.csproj", "{32FE8B99-4091-4B3B-95EF-53976217B8EB}"
	ProjectSection(ProjectDependencies) = postProject
		{5EAB131C-1C93-4C3F-A1D8-D711053DE33C} = {5EAB131C-1C93-4C3F-A1D8-D711053DE33C}
	EndProjectSection
EndProject
Project("{2150E333-8FDC-42A3-9474-1A3956D46DE8}") = ".nuget", ".nuget", "{8DB6255F-943B-4B0F-A154-91D717EBCB93}"
	ProjectSection(SolutionItems) = preProject
		.nuget\NuGet.Config = .nuget\NuGet.Config
		.nuget\NuGet.exe = .nuget\NuGet.exe
		.nuget\NuGet.targets = .nuget\NuGet.targets
	EndProjectSection
EndProject
Project("{2150E333-8FDC-42A3-9474-1A3956D46DE8}") = ".demos", ".demos", "{417F9357-54B9-4944-A4E3-74DF40198AEC}"
EndProject
Project("{2150E333-8FDC-42A3-9474-1A3956D46DE8}") = ".tests", ".tests", "{63BC23E9-B748-4E24-8F7F-048F375E77A2}"
EndProject
Project("{FAE04EC0-301F-11D3-BF4B-00C04F79EFBC}") = "ArchiSketch", "..\Demo Programs\ArchiSketch\ArchiSketch.csproj", "{DF434DEE-8FCD-41DE-A6FC-D3584BB7D2C6}"
EndProject
Project("{FAE04EC0-301F-11D3-BF4B-00C04F79EFBC}") = "Database Designer", "..\Demo Programs\Database Designer\Database Designer.csproj", "{3C8D7E14-7DF7-409B-8BEC-07DD837FF205}"
EndProject
Project("{FAE04EC0-301F-11D3-BF4B-00C04F79EFBC}") = "ModelMapping Demo", "..\Demo Programs\ModelMapping Demo\ModelMapping Demo.csproj", "{DB17026A-8D95-4D69-8F9B-BF309B3A79D8}"
EndProject
Project("{FAE04EC0-301F-11D3-BF4B-00C04F79EFBC}") = "Security Demo", "..\Demo Programs\Security Demo\Security Demo.csproj", "{A76CD1DB-B80F-4E0C-B2DD-B7195083774B}"
EndProject
Project("{2150E333-8FDC-42A3-9474-1A3956D46DE8}") = ".tutorials", ".tutorials", "{E223F3BE-70E9-436A-8041-B78673D662EA}"
EndProject
Project("{F184B08F-C81C-45F6-A57F-5ABD9991F28F}") = "NShape Shuffle Game", "..\Demo Programs\VB Demo\NShape Shuffle Game.vbproj", "{364BE8DD-3403-4D18-A620-98D890F60085}"
EndProject
Project("{FAE04EC0-301F-11D3-BF4B-00C04F79EFBC}") = "NShapeViewer", "..\Demo Programs\Viewer\NShapeViewer.csproj", "{70860EAA-2E96-4B76-AF1C-FF243F3E2C56}"
EndProject
Project("{FAE04EC0-301F-11D3-BF4B-00C04F79EFBC}") = "WebVisits", "..\Demo Programs\WebVisits\WebVisits.csproj", "{EBF703AE-B9B4-4A30-ADDC-0D1B27821C8E}"
EndProject
Project("{FAE04EC0-301F-11D3-BF4B-00C04F79EFBC}") = "NShape WPF Demo", "..\Demo Programs\WPF Demo\NShape WPF Demo.csproj", "{C95D2185-6F1A-41D3-B9A7-2DA6CBFA5552}"
EndProject
Project("{FAE04EC0-301F-11D3-BF4B-00C04F79EFBC}") = "Basic Tutorial 1 - Basic Application", "..\Demo Programs\Tutorials\Basic\1 Basic Application\Basic Tutorial 1 - Basic Application.csproj", "{21600D65-4856-44C5-8518-F59979DC88A2}"
EndProject
Project("{FAE04EC0-301F-11D3-BF4B-00C04F79EFBC}") = "Basic Tutorial 2 - Editing", "..\Demo Programs\Tutorials\Basic\2 Editing\Basic Tutorial 2 - Editing.csproj", "{A4DEC6EF-A0EF-4CBE-AED6-4335026A3DE6}"
EndProject
Project("{FAE04EC0-301F-11D3-BF4B-00C04F79EFBC}") = "Basic Tutorial 3 - Creating Diagrams", "..\Demo Programs\Tutorials\Basic\3 Creating Diagrams\Basic Tutorial 3 - Creating Diagrams.csproj", "{077A0DCC-26EA-47C3-8C91-539A95175222}"
EndProject
Project("{FAE04EC0-301F-11D3-BF4B-00C04F79EFBC}") = "Basic Tutorial 4 - Connecting Shapes", "..\Demo Programs\Tutorials\Basic\4 Connecting Shapes\Basic Tutorial 4 - Connecting Shapes.csproj", "{6FE8CABC-8F74-4494-954F-E003D8113B73}"
EndProject
Project("{FAE04EC0-301F-11D3-BF4B-00C04F79EFBC}") = "Basic Tutorial 5 - Styles", "..\Demo Programs\Tutorials\Basic\5 Styles\Basic Tutorial 5 - Styles.csproj", "{FF3F4FDC-5BB2-4B9A-B5F2-17813FB1DCB0}"
EndProject
Project("{FAE04EC0-301F-11D3-BF4B-00C04F79EFBC}") = "Basic Tutorial 6 - Layout", "..\Demo Programs\Tutorials\Basic\6 Layout\Basic Tutorial 6 - Layout.csproj", "{169B4740-3503-4076-9A50-B556D4FD1357}"
EndProject
Project("{FAE04EC0-301F-11D3-BF4B-00C04F79EFBC}") = "Basic Tutorial 7 - Libraries", "..\Demo Programs\Tutorials\Basic\7 Libraries\Basic Tutorial 7 - Libraries.csproj", "{5EDDD5E8-C2A5-4F04-9329-9EAF8B96CD01}"
EndProject
Project("{FAE04EC0-301F-11D3-BF4B-00C04F79EFBC}") = "Basic Tutorial 8 - Templates", "..\Demo Programs\Tutorials\Basic\8 Templates\Basic Tutorial 8 - Templates.csproj", "{5FC2AFCF-965C-43A6-904E-6841BCD4716A}"
EndProject
Project("{FAE04EC0-301F-11D3-BF4B-00C04F79EFBC}") = "Basic Tutorial 9 - Permissions", "..\Demo Programs\Tutorials\Basic\9 Permissions\Basic Tutorial 9 - Permissions.csproj", "{830B0450-4CBB-4CCE-9466-81BE3B359EC0}"
EndProject
Global
	GlobalSection(SolutionConfigurationPlatforms) = preSolution
		Debug|Any CPU = Debug|Any CPU
		Debug|x86 = Debug|x86
		Release|Any CPU = Release|Any CPU
		Release|x86 = Release|x86
	EndGlobalSection
	GlobalSection(ProjectConfigurationPlatforms) = postSolution
		{9EFE1059-E2DC-4576-B9E3-4AE3F998CB28}.Debug|Any CPU.ActiveCfg = Debug|Any CPU
		{9EFE1059-E2DC-4576-B9E3-4AE3F998CB28}.Debug|Any CPU.Build.0 = Debug|Any CPU
		{9EFE1059-E2DC-4576-B9E3-4AE3F998CB28}.Debug|x86.ActiveCfg = Debug|x86
		{9EFE1059-E2DC-4576-B9E3-4AE3F998CB28}.Debug|x86.Build.0 = Debug|x86
		{9EFE1059-E2DC-4576-B9E3-4AE3F998CB28}.Release|Any CPU.ActiveCfg = Release|Any CPU
		{9EFE1059-E2DC-4576-B9E3-4AE3F998CB28}.Release|Any CPU.Build.0 = Release|Any CPU
		{9EFE1059-E2DC-4576-B9E3-4AE3F998CB28}.Release|x86.ActiveCfg = Release|x86
		{9EFE1059-E2DC-4576-B9E3-4AE3F998CB28}.Release|x86.Build.0 = Release|x86
		{1272F77E-D926-4310-AE8B-858909B10F0C}.Debug|Any CPU.ActiveCfg = Debug|Any CPU
		{1272F77E-D926-4310-AE8B-858909B10F0C}.Debug|Any CPU.Build.0 = Debug|Any CPU
		{1272F77E-D926-4310-AE8B-858909B10F0C}.Debug|x86.ActiveCfg = Debug|x86
		{1272F77E-D926-4310-AE8B-858909B10F0C}.Debug|x86.Build.0 = Debug|x86
		{1272F77E-D926-4310-AE8B-858909B10F0C}.Release|Any CPU.ActiveCfg = Release|Any CPU
		{1272F77E-D926-4310-AE8B-858909B10F0C}.Release|Any CPU.Build.0 = Release|Any CPU
		{1272F77E-D926-4310-AE8B-858909B10F0C}.Release|x86.ActiveCfg = Release|x86
		{1272F77E-D926-4310-AE8B-858909B10F0C}.Release|x86.Build.0 = Release|x86
		{5EAB131C-1C93-4C3F-A1D8-D711053DE33C}.Debug|Any CPU.ActiveCfg = Debug|Any CPU
		{5EAB131C-1C93-4C3F-A1D8-D711053DE33C}.Debug|Any CPU.Build.0 = Debug|Any CPU
		{5EAB131C-1C93-4C3F-A1D8-D711053DE33C}.Debug|x86.ActiveCfg = Debug|x86
		{5EAB131C-1C93-4C3F-A1D8-D711053DE33C}.Debug|x86.Build.0 = Debug|x86
		{5EAB131C-1C93-4C3F-A1D8-D711053DE33C}.Release|Any CPU.ActiveCfg = Release|Any CPU
		{5EAB131C-1C93-4C3F-A1D8-D711053DE33C}.Release|Any CPU.Build.0 = Release|Any CPU
		{5EAB131C-1C93-4C3F-A1D8-D711053DE33C}.Release|x86.ActiveCfg = Release|x86
		{5EAB131C-1C93-4C3F-A1D8-D711053DE33C}.Release|x86.Build.0 = Release|x86
		{D310A704-CE98-4632-A3B1-1D2305792BB7}.Debug|Any CPU.ActiveCfg = Debug|Any CPU
		{D310A704-CE98-4632-A3B1-1D2305792BB7}.Debug|Any CPU.Build.0 = Debug|Any CPU
		{D310A704-CE98-4632-A3B1-1D2305792BB7}.Debug|x86.ActiveCfg = Debug|x86
		{D310A704-CE98-4632-A3B1-1D2305792BB7}.Debug|x86.Build.0 = Debug|x86
		{D310A704-CE98-4632-A3B1-1D2305792BB7}.Release|Any CPU.ActiveCfg = Release|Any CPU
		{D310A704-CE98-4632-A3B1-1D2305792BB7}.Release|Any CPU.Build.0 = Release|Any CPU
		{D310A704-CE98-4632-A3B1-1D2305792BB7}.Release|x86.ActiveCfg = Release|x86
		{D310A704-CE98-4632-A3B1-1D2305792BB7}.Release|x86.Build.0 = Release|x86
		{98D7199F-0A57-429A-94B0-C7585A924302}.Debug|Any CPU.ActiveCfg = Debug|Any CPU
		{98D7199F-0A57-429A-94B0-C7585A924302}.Debug|Any CPU.Build.0 = Debug|Any CPU
		{98D7199F-0A57-429A-94B0-C7585A924302}.Debug|x86.ActiveCfg = Debug|x86
		{98D7199F-0A57-429A-94B0-C7585A924302}.Debug|x86.Build.0 = Debug|x86
		{98D7199F-0A57-429A-94B0-C7585A924302}.Release|Any CPU.ActiveCfg = Release|Any CPU
		{98D7199F-0A57-429A-94B0-C7585A924302}.Release|Any CPU.Build.0 = Release|Any CPU
		{98D7199F-0A57-429A-94B0-C7585A924302}.Release|x86.ActiveCfg = Release|x86
		{98D7199F-0A57-429A-94B0-C7585A924302}.Release|x86.Build.0 = Release|x86
		{D8A7182E-BE69-4B4D-B20D-851FE1800C3C}.Debug|Any CPU.ActiveCfg = Debug|Any CPU
		{D8A7182E-BE69-4B4D-B20D-851FE1800C3C}.Debug|Any CPU.Build.0 = Debug|Any CPU
		{D8A7182E-BE69-4B4D-B20D-851FE1800C3C}.Debug|x86.ActiveCfg = Debug|x86
		{D8A7182E-BE69-4B4D-B20D-851FE1800C3C}.Debug|x86.Build.0 = Debug|x86
		{D8A7182E-BE69-4B4D-B20D-851FE1800C3C}.Release|Any CPU.ActiveCfg = Release|Any CPU
		{D8A7182E-BE69-4B4D-B20D-851FE1800C3C}.Release|Any CPU.Build.0 = Release|Any CPU
		{D8A7182E-BE69-4B4D-B20D-851FE1800C3C}.Release|x86.ActiveCfg = Release|x86
		{D8A7182E-BE69-4B4D-B20D-851FE1800C3C}.Release|x86.Build.0 = Release|x86
		{DB90D9B2-D4F8-4D09-92C5-A7C1AC57FA4E}.Debug|Any CPU.ActiveCfg = Debug|Any CPU
		{DB90D9B2-D4F8-4D09-92C5-A7C1AC57FA4E}.Debug|Any CPU.Build.0 = Debug|Any CPU
		{DB90D9B2-D4F8-4D09-92C5-A7C1AC57FA4E}.Debug|x86.ActiveCfg = Debug|x86
		{DB90D9B2-D4F8-4D09-92C5-A7C1AC57FA4E}.Debug|x86.Build.0 = Debug|x86
		{DB90D9B2-D4F8-4D09-92C5-A7C1AC57FA4E}.Release|Any CPU.ActiveCfg = Release|Any CPU
		{DB90D9B2-D4F8-4D09-92C5-A7C1AC57FA4E}.Release|Any CPU.Build.0 = Release|Any CPU
		{DB90D9B2-D4F8-4D09-92C5-A7C1AC57FA4E}.Release|x86.ActiveCfg = Release|x86
		{DB90D9B2-D4F8-4D09-92C5-A7C1AC57FA4E}.Release|x86.Build.0 = Release|x86
		{5FDD54E9-BE12-4C3D-8051-0F90A4EA27D4}.Debug|Any CPU.ActiveCfg = Debug|Any CPU
		{5FDD54E9-BE12-4C3D-8051-0F90A4EA27D4}.Debug|Any CPU.Build.0 = Debug|Any CPU
		{5FDD54E9-BE12-4C3D-8051-0F90A4EA27D4}.Debug|x86.ActiveCfg = Debug|x86
		{5FDD54E9-BE12-4C3D-8051-0F90A4EA27D4}.Debug|x86.Build.0 = Debug|x86
		{5FDD54E9-BE12-4C3D-8051-0F90A4EA27D4}.Release|Any CPU.ActiveCfg = Release|Any CPU
		{5FDD54E9-BE12-4C3D-8051-0F90A4EA27D4}.Release|Any CPU.Build.0 = Release|Any CPU
		{5FDD54E9-BE12-4C3D-8051-0F90A4EA27D4}.Release|x86.ActiveCfg = Release|x86
		{5FDD54E9-BE12-4C3D-8051-0F90A4EA27D4}.Release|x86.Build.0 = Release|x86
		{FFC46D3E-DA4E-4214-84C9-53A49C75BA77}.Debug|Any CPU.ActiveCfg = Debug|Any CPU
		{FFC46D3E-DA4E-4214-84C9-53A49C75BA77}.Debug|Any CPU.Build.0 = Debug|Any CPU
		{FFC46D3E-DA4E-4214-84C9-53A49C75BA77}.Debug|x86.ActiveCfg = Debug|x86
		{FFC46D3E-DA4E-4214-84C9-53A49C75BA77}.Debug|x86.Build.0 = Debug|x86
		{FFC46D3E-DA4E-4214-84C9-53A49C75BA77}.Release|Any CPU.ActiveCfg = Release|Any CPU
		{FFC46D3E-DA4E-4214-84C9-53A49C75BA77}.Release|Any CPU.Build.0 = Release|Any CPU
		{FFC46D3E-DA4E-4214-84C9-53A49C75BA77}.Release|x86.ActiveCfg = Release|x86
		{FFC46D3E-DA4E-4214-84C9-53A49C75BA77}.Release|x86.Build.0 = Release|x86
		{32FE8B99-4091-4B3B-95EF-53976217B8EB}.Debug|Any CPU.ActiveCfg = Debug|Any CPU
		{32FE8B99-4091-4B3B-95EF-53976217B8EB}.Debug|Any CPU.Build.0 = Debug|Any CPU
		{32FE8B99-4091-4B3B-95EF-53976217B8EB}.Debug|x86.ActiveCfg = Debug|x86
		{32FE8B99-4091-4B3B-95EF-53976217B8EB}.Debug|x86.Build.0 = Debug|x86
		{32FE8B99-4091-4B3B-95EF-53976217B8EB}.Release|Any CPU.ActiveCfg = Release|Any CPU
		{32FE8B99-4091-4B3B-95EF-53976217B8EB}.Release|Any CPU.Build.0 = Release|Any CPU
		{32FE8B99-4091-4B3B-95EF-53976217B8EB}.Release|x86.ActiveCfg = Release|x86
		{32FE8B99-4091-4B3B-95EF-53976217B8EB}.Release|x86.Build.0 = Release|x86
		{DF434DEE-8FCD-41DE-A6FC-D3584BB7D2C6}.Debug|Any CPU.ActiveCfg = Debug|Any CPU
		{DF434DEE-8FCD-41DE-A6FC-D3584BB7D2C6}.Debug|Any CPU.Build.0 = Debug|Any CPU
		{DF434DEE-8FCD-41DE-A6FC-D3584BB7D2C6}.Debug|x86.ActiveCfg = Debug|x86
		{DF434DEE-8FCD-41DE-A6FC-D3584BB7D2C6}.Debug|x86.Build.0 = Debug|x86
		{DF434DEE-8FCD-41DE-A6FC-D3584BB7D2C6}.Release|Any CPU.ActiveCfg = Release|Any CPU
		{DF434DEE-8FCD-41DE-A6FC-D3584BB7D2C6}.Release|Any CPU.Build.0 = Release|Any CPU
		{DF434DEE-8FCD-41DE-A6FC-D3584BB7D2C6}.Release|x86.ActiveCfg = Release|x86
		{DF434DEE-8FCD-41DE-A6FC-D3584BB7D2C6}.Release|x86.Build.0 = Release|x86
		{3C8D7E14-7DF7-409B-8BEC-07DD837FF205}.Debug|Any CPU.ActiveCfg = Debug|Any CPU
		{3C8D7E14-7DF7-409B-8BEC-07DD837FF205}.Debug|Any CPU.Build.0 = Debug|Any CPU
		{3C8D7E14-7DF7-409B-8BEC-07DD837FF205}.Debug|x86.ActiveCfg = Debug|x86
		{3C8D7E14-7DF7-409B-8BEC-07DD837FF205}.Debug|x86.Build.0 = Debug|x86
		{3C8D7E14-7DF7-409B-8BEC-07DD837FF205}.Release|Any CPU.ActiveCfg = Release|Any CPU
		{3C8D7E14-7DF7-409B-8BEC-07DD837FF205}.Release|Any CPU.Build.0 = Release|Any CPU
		{3C8D7E14-7DF7-409B-8BEC-07DD837FF205}.Release|x86.ActiveCfg = Release|x86
		{3C8D7E14-7DF7-409B-8BEC-07DD837FF205}.Release|x86.Build.0 = Release|x86
		{DB17026A-8D95-4D69-8F9B-BF309B3A79D8}.Debug|Any CPU.ActiveCfg = Debug|Any CPU
		{DB17026A-8D95-4D69-8F9B-BF309B3A79D8}.Debug|Any CPU.Build.0 = Debug|Any CPU
		{DB17026A-8D95-4D69-8F9B-BF309B3A79D8}.Debug|x86.ActiveCfg = Debug|x86
		{DB17026A-8D95-4D69-8F9B-BF309B3A79D8}.Debug|x86.Build.0 = Debug|x86
		{DB17026A-8D95-4D69-8F9B-BF309B3A79D8}.Release|Any CPU.ActiveCfg = Release|Any CPU
		{DB17026A-8D95-4D69-8F9B-BF309B3A79D8}.Release|Any CPU.Build.0 = Release|Any CPU
		{DB17026A-8D95-4D69-8F9B-BF309B3A79D8}.Release|x86.ActiveCfg = Release|x86
		{DB17026A-8D95-4D69-8F9B-BF309B3A79D8}.Release|x86.Build.0 = Release|x86
		{A76CD1DB-B80F-4E0C-B2DD-B7195083774B}.Debug|Any CPU.ActiveCfg = Debug|Any CPU
		{A76CD1DB-B80F-4E0C-B2DD-B7195083774B}.Debug|Any CPU.Build.0 = Debug|Any CPU
		{A76CD1DB-B80F-4E0C-B2DD-B7195083774B}.Debug|x86.ActiveCfg = Debug|x86
		{A76CD1DB-B80F-4E0C-B2DD-B7195083774B}.Debug|x86.Build.0 = Debug|x86
		{A76CD1DB-B80F-4E0C-B2DD-B7195083774B}.Release|Any CPU.ActiveCfg = Release|Any CPU
		{A76CD1DB-B80F-4E0C-B2DD-B7195083774B}.Release|Any CPU.Build.0 = Release|Any CPU
		{A76CD1DB-B80F-4E0C-B2DD-B7195083774B}.Release|x86.ActiveCfg = Release|x86
		{A76CD1DB-B80F-4E0C-B2DD-B7195083774B}.Release|x86.Build.0 = Release|x86
		{364BE8DD-3403-4D18-A620-98D890F60085}.Debug|Any CPU.ActiveCfg = Debug|Any CPU
		{364BE8DD-3403-4D18-A620-98D890F60085}.Debug|Any CPU.Build.0 = Debug|Any CPU
		{364BE8DD-3403-4D18-A620-98D890F60085}.Debug|x86.ActiveCfg = Debug|x86
		{364BE8DD-3403-4D18-A620-98D890F60085}.Debug|x86.Build.0 = Debug|x86
		{364BE8DD-3403-4D18-A620-98D890F60085}.Release|Any CPU.ActiveCfg = Release|Any CPU
		{364BE8DD-3403-4D18-A620-98D890F60085}.Release|Any CPU.Build.0 = Release|Any CPU
		{364BE8DD-3403-4D18-A620-98D890F60085}.Release|x86.ActiveCfg = Release|x86
		{364BE8DD-3403-4D18-A620-98D890F60085}.Release|x86.Build.0 = Release|x86
		{70860EAA-2E96-4B76-AF1C-FF243F3E2C56}.Debug|Any CPU.ActiveCfg = Debug|Any CPU
		{70860EAA-2E96-4B76-AF1C-FF243F3E2C56}.Debug|Any CPU.Build.0 = Debug|Any CPU
		{70860EAA-2E96-4B76-AF1C-FF243F3E2C56}.Debug|x86.ActiveCfg = Debug|x86
		{70860EAA-2E96-4B76-AF1C-FF243F3E2C56}.Debug|x86.Build.0 = Debug|x86
		{70860EAA-2E96-4B76-AF1C-FF243F3E2C56}.Release|Any CPU.ActiveCfg = Release|Any CPU
		{70860EAA-2E96-4B76-AF1C-FF243F3E2C56}.Release|Any CPU.Build.0 = Release|Any CPU
		{70860EAA-2E96-4B76-AF1C-FF243F3E2C56}.Release|x86.ActiveCfg = Release|x86
		{70860EAA-2E96-4B76-AF1C-FF243F3E2C56}.Release|x86.Build.0 = Release|x86
		{EBF703AE-B9B4-4A30-ADDC-0D1B27821C8E}.Debug|Any CPU.ActiveCfg = Debug|Any CPU
		{EBF703AE-B9B4-4A30-ADDC-0D1B27821C8E}.Debug|Any CPU.Build.0 = Debug|Any CPU
		{EBF703AE-B9B4-4A30-ADDC-0D1B27821C8E}.Debug|x86.ActiveCfg = Debug|x86
		{EBF703AE-B9B4-4A30-ADDC-0D1B27821C8E}.Debug|x86.Build.0 = Debug|x86
		{EBF703AE-B9B4-4A30-ADDC-0D1B27821C8E}.Release|Any CPU.ActiveCfg = Release|Any CPU
		{EBF703AE-B9B4-4A30-ADDC-0D1B27821C8E}.Release|Any CPU.Build.0 = Release|Any CPU
		{EBF703AE-B9B4-4A30-ADDC-0D1B27821C8E}.Release|x86.ActiveCfg = Release|x86
		{EBF703AE-B9B4-4A30-ADDC-0D1B27821C8E}.Release|x86.Build.0 = Release|x86
		{C95D2185-6F1A-41D3-B9A7-2DA6CBFA5552}.Debug|Any CPU.ActiveCfg = Debug|Any CPU
		{C95D2185-6F1A-41D3-B9A7-2DA6CBFA5552}.Debug|Any CPU.Build.0 = Debug|Any CPU
		{C95D2185-6F1A-41D3-B9A7-2DA6CBFA5552}.Debug|x86.ActiveCfg = Debug|x86
		{C95D2185-6F1A-41D3-B9A7-2DA6CBFA5552}.Debug|x86.Build.0 = Debug|x86
		{C95D2185-6F1A-41D3-B9A7-2DA6CBFA5552}.Release|Any CPU.ActiveCfg = Release|Any CPU
		{C95D2185-6F1A-41D3-B9A7-2DA6CBFA5552}.Release|Any CPU.Build.0 = Release|Any CPU
		{C95D2185-6F1A-41D3-B9A7-2DA6CBFA5552}.Release|x86.ActiveCfg = Release|x86
		{C95D2185-6F1A-41D3-B9A7-2DA6CBFA5552}.Release|x86.Build.0 = Release|x86
		{21600D65-4856-44C5-8518-F59979DC88A2}.Debug|Any CPU.ActiveCfg = Debug|Any CPU
		{21600D65-4856-44C5-8518-F59979DC88A2}.Debug|Any CPU.Build.0 = Debug|Any CPU
		{21600D65-4856-44C5-8518-F59979DC88A2}.Debug|x86.ActiveCfg = Debug|x86
		{21600D65-4856-44C5-8518-F59979DC88A2}.Debug|x86.Build.0 = Debug|x86
		{21600D65-4856-44C5-8518-F59979DC88A2}.Release|Any CPU.ActiveCfg = Release|Any CPU
		{21600D65-4856-44C5-8518-F59979DC88A2}.Release|Any CPU.Build.0 = Release|Any CPU
		{21600D65-4856-44C5-8518-F59979DC88A2}.Release|x86.ActiveCfg = Release|x86
		{21600D65-4856-44C5-8518-F59979DC88A2}.Release|x86.Build.0 = Release|x86
		{A4DEC6EF-A0EF-4CBE-AED6-4335026A3DE6}.Debug|Any CPU.ActiveCfg = Debug|Any CPU
		{A4DEC6EF-A0EF-4CBE-AED6-4335026A3DE6}.Debug|Any CPU.Build.0 = Debug|Any CPU
		{A4DEC6EF-A0EF-4CBE-AED6-4335026A3DE6}.Debug|x86.ActiveCfg = Debug|x86
		{A4DEC6EF-A0EF-4CBE-AED6-4335026A3DE6}.Debug|x86.Build.0 = Debug|x86
		{A4DEC6EF-A0EF-4CBE-AED6-4335026A3DE6}.Release|Any CPU.ActiveCfg = Release|Any CPU
		{A4DEC6EF-A0EF-4CBE-AED6-4335026A3DE6}.Release|Any CPU.Build.0 = Release|Any CPU
		{A4DEC6EF-A0EF-4CBE-AED6-4335026A3DE6}.Release|x86.ActiveCfg = Release|x86
		{A4DEC6EF-A0EF-4CBE-AED6-4335026A3DE6}.Release|x86.Build.0 = Release|x86
		{077A0DCC-26EA-47C3-8C91-539A95175222}.Debug|Any CPU.ActiveCfg = Debug|Any CPU
		{077A0DCC-26EA-47C3-8C91-539A95175222}.Debug|Any CPU.Build.0 = Debug|Any CPU
		{077A0DCC-26EA-47C3-8C91-539A95175222}.Debug|x86.ActiveCfg = Debug|x86
		{077A0DCC-26EA-47C3-8C91-539A95175222}.Debug|x86.Build.0 = Debug|x86
		{077A0DCC-26EA-47C3-8C91-539A95175222}.Release|Any CPU.ActiveCfg = Release|Any CPU
		{077A0DCC-26EA-47C3-8C91-539A95175222}.Release|Any CPU.Build.0 = Release|Any CPU
		{077A0DCC-26EA-47C3-8C91-539A95175222}.Release|x86.ActiveCfg = Release|x86
		{077A0DCC-26EA-47C3-8C91-539A95175222}.Release|x86.Build.0 = Release|x86
		{6FE8CABC-8F74-4494-954F-E003D8113B73}.Debug|Any CPU.ActiveCfg = Debug|Any CPU
		{6FE8CABC-8F74-4494-954F-E003D8113B73}.Debug|Any CPU.Build.0 = Debug|Any CPU
		{6FE8CABC-8F74-4494-954F-E003D8113B73}.Debug|x86.ActiveCfg = Debug|x86
		{6FE8CABC-8F74-4494-954F-E003D8113B73}.Debug|x86.Build.0 = Debug|x86
		{6FE8CABC-8F74-4494-954F-E003D8113B73}.Release|Any CPU.ActiveCfg = Release|Any CPU
		{6FE8CABC-8F74-4494-954F-E003D8113B73}.Release|Any CPU.Build.0 = Release|Any CPU
		{6FE8CABC-8F74-4494-954F-E003D8113B73}.Release|x86.ActiveCfg = Release|x86
		{6FE8CABC-8F74-4494-954F-E003D8113B73}.Release|x86.Build.0 = Release|x86
		{FF3F4FDC-5BB2-4B9A-B5F2-17813FB1DCB0}.Debug|Any CPU.ActiveCfg = Debug|Any CPU
		{FF3F4FDC-5BB2-4B9A-B5F2-17813FB1DCB0}.Debug|Any CPU.Build.0 = Debug|Any CPU
		{FF3F4FDC-5BB2-4B9A-B5F2-17813FB1DCB0}.Debug|x86.ActiveCfg = Debug|x86
		{FF3F4FDC-5BB2-4B9A-B5F2-17813FB1DCB0}.Debug|x86.Build.0 = Debug|x86
		{FF3F4FDC-5BB2-4B9A-B5F2-17813FB1DCB0}.Release|Any CPU.ActiveCfg = Release|Any CPU
		{FF3F4FDC-5BB2-4B9A-B5F2-17813FB1DCB0}.Release|Any CPU.Build.0 = Release|Any CPU
		{FF3F4FDC-5BB2-4B9A-B5F2-17813FB1DCB0}.Release|x86.ActiveCfg = Release|x86
		{FF3F4FDC-5BB2-4B9A-B5F2-17813FB1DCB0}.Release|x86.Build.0 = Release|x86
		{169B4740-3503-4076-9A50-B556D4FD1357}.Debug|Any CPU.ActiveCfg = Debug|Any CPU
		{169B4740-3503-4076-9A50-B556D4FD1357}.Debug|Any CPU.Build.0 = Debug|Any CPU
		{169B4740-3503-4076-9A50-B556D4FD1357}.Debug|x86.ActiveCfg = Debug|x86
		{169B4740-3503-4076-9A50-B556D4FD1357}.Debug|x86.Build.0 = Debug|x86
		{169B4740-3503-4076-9A50-B556D4FD1357}.Release|Any CPU.ActiveCfg = Release|Any CPU
		{169B4740-3503-4076-9A50-B556D4FD1357}.Release|Any CPU.Build.0 = Release|Any CPU
		{169B4740-3503-4076-9A50-B556D4FD1357}.Release|x86.ActiveCfg = Release|x86
		{169B4740-3503-4076-9A50-B556D4FD1357}.Release|x86.Build.0 = Release|x86
		{5EDDD5E8-C2A5-4F04-9329-9EAF8B96CD01}.Debug|Any CPU.ActiveCfg = Debug|Any CPU
		{5EDDD5E8-C2A5-4F04-9329-9EAF8B96CD01}.Debug|Any CPU.Build.0 = Debug|Any CPU
		{5EDDD5E8-C2A5-4F04-9329-9EAF8B96CD01}.Debug|x86.ActiveCfg = Debug|x86
		{5EDDD5E8-C2A5-4F04-9329-9EAF8B96CD01}.Debug|x86.Build.0 = Debug|x86
		{5EDDD5E8-C2A5-4F04-9329-9EAF8B96CD01}.Release|Any CPU.ActiveCfg = Release|Any CPU
		{5EDDD5E8-C2A5-4F04-9329-9EAF8B96CD01}.Release|Any CPU.Build.0 = Release|Any CPU
		{5EDDD5E8-C2A5-4F04-9329-9EAF8B96CD01}.Release|x86.ActiveCfg = Release|x86
		{5EDDD5E8-C2A5-4F04-9329-9EAF8B96CD01}.Release|x86.Build.0 = Release|x86
		{5FC2AFCF-965C-43A6-904E-6841BCD4716A}.Debug|Any CPU.ActiveCfg = Debug|Any CPU
		{5FC2AFCF-965C-43A6-904E-6841BCD4716A}.Debug|Any CPU.Build.0 = Debug|Any CPU
		{5FC2AFCF-965C-43A6-904E-6841BCD4716A}.Debug|x86.ActiveCfg = Debug|x86
		{5FC2AFCF-965C-43A6-904E-6841BCD4716A}.Debug|x86.Build.0 = Debug|x86
		{5FC2AFCF-965C-43A6-904E-6841BCD4716A}.Release|Any CPU.ActiveCfg = Release|Any CPU
		{5FC2AFCF-965C-43A6-904E-6841BCD4716A}.Release|Any CPU.Build.0 = Release|Any CPU
		{5FC2AFCF-965C-43A6-904E-6841BCD4716A}.Release|x86.ActiveCfg = Release|x86
		{5FC2AFCF-965C-43A6-904E-6841BCD4716A}.Release|x86.Build.0 = Release|x86
		{830B0450-4CBB-4CCE-9466-81BE3B359EC0}.Debug|Any CPU.ActiveCfg = Debug|Any CPU
		{830B0450-4CBB-4CCE-9466-81BE3B359EC0}.Debug|Any CPU.Build.0 = Debug|Any CPU
		{830B0450-4CBB-4CCE-9466-81BE3B359EC0}.Debug|x86.ActiveCfg = Debug|x86
		{830B0450-4CBB-4CCE-9466-81BE3B359EC0}.Debug|x86.Build.0 = Debug|x86
		{830B0450-4CBB-4CCE-9466-81BE3B359EC0}.Release|Any CPU.ActiveCfg = Release|Any CPU
		{830B0450-4CBB-4CCE-9466-81BE3B359EC0}.Release|Any CPU.Build.0 = Release|Any CPU
		{830B0450-4CBB-4CCE-9466-81BE3B359EC0}.Release|x86.ActiveCfg = Release|x86
		{830B0450-4CBB-4CCE-9466-81BE3B359EC0}.Release|x86.Build.0 = Release|x86
	EndGlobalSection
	GlobalSection(SolutionProperties) = preSolution
		HideSolutionNode = FALSE
	EndGlobalSection
	GlobalSection(NestedProjects) = preSolution
		{32FE8B99-4091-4B3B-95EF-53976217B8EB} = {63BC23E9-B748-4E24-8F7F-048F375E77A2}
		{DF434DEE-8FCD-41DE-A6FC-D3584BB7D2C6} = {417F9357-54B9-4944-A4E3-74DF40198AEC}
		{3C8D7E14-7DF7-409B-8BEC-07DD837FF205} = {417F9357-54B9-4944-A4E3-74DF40198AEC}
		{DB17026A-8D95-4D69-8F9B-BF309B3A79D8} = {417F9357-54B9-4944-A4E3-74DF40198AEC}
		{A76CD1DB-B80F-4E0C-B2DD-B7195083774B} = {417F9357-54B9-4944-A4E3-74DF40198AEC}
		{364BE8DD-3403-4D18-A620-98D890F60085} = {417F9357-54B9-4944-A4E3-74DF40198AEC}
		{70860EAA-2E96-4B76-AF1C-FF243F3E2C56} = {417F9357-54B9-4944-A4E3-74DF40198AEC}
		{EBF703AE-B9B4-4A30-ADDC-0D1B27821C8E} = {417F9357-54B9-4944-A4E3-74DF40198AEC}
		{C95D2185-6F1A-41D3-B9A7-2DA6CBFA5552} = {417F9357-54B9-4944-A4E3-74DF40198AEC}
		{21600D65-4856-44C5-8518-F59979DC88A2} = {E223F3BE-70E9-436A-8041-B78673D662EA}
		{A4DEC6EF-A0EF-4CBE-AED6-4335026A3DE6} = {E223F3BE-70E9-436A-8041-B78673D662EA}
		{077A0DCC-26EA-47C3-8C91-539A95175222} = {E223F3BE-70E9-436A-8041-B78673D662EA}
		{6FE8CABC-8F74-4494-954F-E003D8113B73} = {E223F3BE-70E9-436A-8041-B78673D662EA}
		{FF3F4FDC-5BB2-4B9A-B5F2-17813FB1DCB0} = {E223F3BE-70E9-436A-8041-B78673D662EA}
		{169B4740-3503-4076-9A50-B556D4FD1357} = {E223F3BE-70E9-436A-8041-B78673D662EA}
		{5EDDD5E8-C2A5-4F04-9329-9EAF8B96CD01} = {E223F3BE-70E9-436A-8041-B78673D662EA}
		{5FC2AFCF-965C-43A6-904E-6841BCD4716A} = {E223F3BE-70E9-436A-8041-B78673D662EA}
		{830B0450-4CBB-4CCE-9466-81BE3B359EC0} = {E223F3BE-70E9-436A-8041-B78673D662EA}
	EndGlobalSection
	GlobalSection(SubversionScc) = preSolution
		Svn-Managed = True
		Manager = AnkhSVN - Subversion Support for Visual Studio
	EndGlobalSection
EndGlobal
